schema: '2.0'
stages:
  process_loco:
    cmd: python -m src.data.process_dataset --dataset loco --config 
      configs/data_config.yaml
    deps:
    - path: configs/data_config.yaml
      hash: md5
      md5: 8e1b95209af7b4d3997b339d90d6c231
      size: 1659
    - path: data/raw/loco
      hash: md5
      md5: 2b4fe0391c15bfe892d9a3c944d5b729.dir
      size: 873727636
      nfiles: 5598
    - path: src/converters
      hash: md5
      md5: 6e700ef46e09622949edb377f8ba80d8.dir
      size: 11634
      nfiles: 3
    - path: src/data/process_dataset.py
      hash: md5
      md5: 1386e13c0d33ed8d1e9698061e28804e
      size: 9360
    - path: src/datatypes.py
      hash: md5
      md5: af86c57ad38276b239f0c70e7d1ed2dd
      size: 1532
    - path: src/handlers
      hash: md5
      md5: e3984f3e323414045499dfad77e3df64.dir
      size: 5982
      nfiles: 3
    - path: src/paths.py
      hash: md5
      md5: e41da209e911b507635208a0294600e5
      size: 1133
    - path: src/utils
      hash: md5
      md5: 0f79b9ae9e33998eb6cb8ee316204141.dir
      size: 8209
      nfiles: 3
    - path: src/validators
      hash: md5
      md5: 1c8c625499585a9f8cf330b241eb4d0a.dir
      size: 38869
      nfiles: 3
    - path: src/writers
      hash: md5
      md5: 8f722bfe6a438e1c06acd833f3a9d598.dir
      size: 10533
      nfiles: 3
    outs:
    - path: data/processed/loco
      hash: md5
      md5: 46e8946743354a60b5a1660e3ecb9da3.dir
      size: 714583972
      nfiles: 10195
